
Microsoft Visual Studio Solution File, Format Version 12.00
# Visual Studio Version 17
VisualStudioVersion = 17.14.36414.22 d17.14
MinimumVisualStudioVersion = 10.0.40219.1
Project("{FAE04EC0-301F-11D3-BF4B-00C04F79EFBC}") = "testKPMG", "testKPMG\testKPMG.csproj", "{FDF2B524-D71E-4401-99DC-4F234D4B2AC9}"
EndProject
Global
	GlobalSection(SolutionConfigurationPlatforms) = preSolution
		Debug|Any CPU = Debug|Any CPU
		Release|Any CPU = Release|Any CPU
	EndGlobalSection
	GlobalSection(ProjectConfigurationPlatforms) = postSolution
		{FDF2B524-D71E-4401-99DC-4F234D4B2AC9}.Debug|Any CPU.ActiveCfg = Debug|Any CPU
		{FDF2B524-D71E-4401-99DC-4F234D4B2AC9}.Debug|Any CPU.Build.0 = Debug|Any CPU
		{FDF2B524-D71E-4401-99DC-4F234D4B2AC9}.Release|Any CPU.ActiveCfg = Release|Any CPU
		{FDF2B524-D71E-4401-99DC-4F234D4B2AC9}.Release|Any CPU.Build.0 = Release|Any CPU
	EndGlobalSection
	GlobalSection(SolutionProperties) = preSolution
		HideSolutionNode = FALSE
	EndGlobalSection
	GlobalSection(ExtensibilityGlobals) = postSolution
		SolutionGuid = {B292DF94-97CE-4DC2-9308-5DF0C3016AAC}
	EndGlobalSection
EndGlobal
